// !$*UTF8*$!
{
	archiveVersion = 1;
	classes = {
	};
	objectVersion = 46;
	objects = {

/* Begin PBXBuildFile section */
		CD8B9A261BC4B24700F98B51 /* AppDelegate.swift in Sources */ = {isa = PBXBuildFile; fileRef = CD8B9A251BC4B24700F98B51 /* AppDelegate.swift */; };
		CD8B9A281BC4B24700F98B51 /* RunningController.swift in Sources */ = {isa = PBXBuildFile; fileRef = CD8B9A271BC4B24700F98B51 /* RunningController.swift */; };
		CD8B9A2A1BC4B24700F98B51 /* BikingController.swift in Sources */ = {isa = PBXBuildFile; fileRef = CD8B9A291BC4B24700F98B51 /* BikingController.swift */; };
		CD8B9A2D1BC4B24700F98B51 /* Main.storyboard in Resources */ = {isa = PBXBuildFile; fileRef = CD8B9A2B1BC4B24700F98B51 /* Main.storyboard */; };
		CD8B9A2F1BC4B24700F98B51 /* Assets.xcassets in Resources */ = {isa = PBXBuildFile; fileRef = CD8B9A2E1BC4B24700F98B51 /* Assets.xcassets */; };
		CD8B9A321BC4B24700F98B51 /* LaunchScreen.storyboard in Resources */ = {isa = PBXBuildFile; fileRef = CD8B9A301BC4B24700F98B51 /* LaunchScreen.storyboard */; };
		CD8B9A3D1BC4B24700F98B51 /* ActiveBeanFitnessIosTests.swift in Sources */ = {isa = PBXBuildFile; fileRef = CD8B9A3C1BC4B24700F98B51 /* ActiveBeanFitnessIosTests.swift */; };
		CD8B9A481BC4B24700F98B51 /* ActiveBeanFitnessIosUITests.swift in Sources */ = {isa = PBXBuildFile; fileRef = CD8B9A471BC4B24700F98B51 /* ActiveBeanFitnessIosUITests.swift */; };
		CD9EAB1C1BD5E5F600DB355F /* HikingController.swift in Sources */ = {isa = PBXBuildFile; fileRef = CD9EAB1B1BD5E5F600DB355F /* HikingController.swift */; settings = {ASSET_TAGS = (); }; };
		CD9EAB1E1BD5E66300DB355F /* MyActiveBeanFitnessController.swift in Sources */ = {isa = PBXBuildFile; fileRef = CD9EAB1D1BD5E66300DB355F /* MyActiveBeanFitnessController.swift */; settings = {ASSET_TAGS = (); }; };
		CD9EAB201BD6008800DB355F /* CoreLocation.framework in Frameworks */ = {isa = PBXBuildFile; fileRef = CD9EAB1F1BD6008800DB355F /* CoreLocation.framework */; };
		CD9EAB221BD600C100DB355F /* MapKit.framework in Frameworks */ = {isa = PBXBuildFile; fileRef = CD9EAB211BD600C100DB355F /* MapKit.framework */; };
/* End PBXBuildFile section */

/* Begin PBXContainerItemProxy section */
		CD8B9A391BC4B24700F98B51 /* PBXContainerItemProxy */ = {
			isa = PBXContainerItemProxy;
			containerPortal = CD8B9A1A1BC4B24700F98B51 /* Project object */;
			proxyType = 1;
			remoteGlobalIDString = CD8B9A211BC4B24700F98B51;
			remoteInfo = ActiveBeanFitnessIos;
		};
		CD8B9A441BC4B24700F98B51 /* PBXContainerItemProxy */ = {
			isa = PBXContainerItemProxy;
			containerPortal = CD8B9A1A1BC4B24700F98B51 /* Project object */;
			proxyType = 1;
			remoteGlobalIDString = CD8B9A211BC4B24700F98B51;
			remoteInfo = ActiveBeanFitnessIos;
		};
/* End PBXContainerItemProxy section */

/* Begin PBXFileReference section */
		CD8B9A221BC4B24700F98B51 /* ActiveBeanFitnessIos.app */ = {isa = PBXFileReference; explicitFileType = wrapper.application; includeInIndex = 0; path = ActiveBeanFitnessIos.app; sourceTree = BUILT_PRODUCTS_DIR; };
		CD8B9A251BC4B24700F98B51 /* AppDelegate.swift */ = {isa = PBXFileReference; lastKnownFileType = sourcecode.swift; path = AppDelegate.swift; sourceTree = "<group>"; };
		CD8B9A271BC4B24700F98B51 /* RunningController.swift */ = {isa = PBXFileReference; lastKnownFileType = sourcecode.swift; path = RunningController.swift; sourceTree = "<group>"; };
		CD8B9A291BC4B24700F98B51 /* BikingController.swift */ = {isa = PBXFileReference; lastKnownFileType = sourcecode.swift; path = BikingController.swift; sourceTree = "<group>"; };
		CD8B9A2C1BC4B24700F98B51 /* Base */ = {isa = PBXFileReference; lastKnownFileType = file.storyboard; name = Base; path = Base.lproj/Main.storyboard; sourceTree = "<group>"; };
		CD8B9A2E1BC4B24700F98B51 /* Assets.xcassets */ = {isa = PBXFileReference; lastKnownFileType = folder.assetcatalog; path = Assets.xcassets; sourceTree = "<group>"; };
		CD8B9A311BC4B24700F98B51 /* Base */ = {isa = PBXFileReference; lastKnownFileType = file.storyboard; name = Base; path = Base.lproj/LaunchScreen.storyboard; sourceTree = "<group>"; };
		CD8B9A331BC4B24700F98B51 /* Info.plist */ = {isa = PBXFileReference; lastKnownFileType = text.plist.xml; path = Info.plist; sourceTree = "<group>"; };
		CD8B9A381BC4B24700F98B51 /* ActiveBeanFitnessIosTests.xctest */ = {isa = PBXFileReference; explicitFileType = wrapper.cfbundle; includeInIndex = 0; path = ActiveBeanFitnessIosTests.xctest; sourceTree = BUILT_PRODUCTS_DIR; };
		CD8B9A3C1BC4B24700F98B51 /* ActiveBeanFitnessIosTests.swift */ = {isa = PBXFileReference; lastKnownFileType = sourcecode.swift; path = ActiveBeanFitnessIosTests.swift; sourceTree = "<group>"; };
		CD8B9A3E1BC4B24700F98B51 /* Info.plist */ = {isa = PBXFileReference; lastKnownFileType = text.plist.xml; path = Info.plist; sourceTree = "<group>"; };
		CD8B9A431BC4B24700F98B51 /* ActiveBeanFitnessIosUITests.xctest */ = {isa = PBXFileReference; explicitFileType = wrapper.cfbundle; includeInIndex = 0; path = ActiveBeanFitnessIosUITests.xctest; sourceTree = BUILT_PRODUCTS_DIR; };
		CD8B9A471BC4B24700F98B51 /* ActiveBeanFitnessIosUITests.swift */ = {isa = PBXFileReference; lastKnownFileType = sourcecode.swift; path = ActiveBeanFitnessIosUITests.swift; sourceTree = "<group>"; };
		CD8B9A491BC4B24700F98B51 /* Info.plist */ = {isa = PBXFileReference; lastKnownFileType = text.plist.xml; path = Info.plist; sourceTree = "<group>"; };
		CD9EAB1B1BD5E5F600DB355F /* HikingController.swift */ = {isa = PBXFileReference; fileEncoding = 4; lastKnownFileType = sourcecode.swift; path = HikingController.swift; sourceTree = "<group>"; };
		CD9EAB1D1BD5E66300DB355F /* MyActiveBeanFitnessController.swift */ = {isa = PBXFileReference; fileEncoding = 4; lastKnownFileType = sourcecode.swift; path = MyActiveBeanFitnessController.swift; sourceTree = "<group>"; };
		CD9EAB1F1BD6008800DB355F /* CoreLocation.framework */ = {isa = PBXFileReference; lastKnownFileType = wrapper.framework; name = CoreLocation.framework; path = System/Library/Frameworks/CoreLocation.framework; sourceTree = SDKROOT; };
		CD9EAB211BD600C100DB355F /* MapKit.framework */ = {isa = PBXFileReference; lastKnownFileType = wrapper.framework; name = MapKit.framework; path = System/Library/Frameworks/MapKit.framework; sourceTree = SDKROOT; };
/* End PBXFileReference section */

/* Begin PBXFrameworksBuildPhase section */
		CD8B9A1F1BC4B24700F98B51 /* Frameworks */ = {
			isa = PBXFrameworksBuildPhase;
			buildActionMask = 2147483647;
			files = (
			);
			runOnlyForDeploymentPostprocessing = 0;
		};
		CD8B9A351BC4B24700F98B51 /* Frameworks */ = {
			isa = PBXFrameworksBuildPhase;
			buildActionMask = 2147483647;
			files = (
			);
			runOnlyForDeploymentPostprocessing = 0;
		};
		CD8B9A401BC4B24700F98B51 /* Frameworks */ = {
			isa = PBXFrameworksBuildPhase;
			buildActionMask = 2147483647;
			files = (
				CD9EAB221BD600C100DB355F /* MapKit.framework in Frameworks */,
				CD9EAB201BD6008800DB355F /* CoreLocation.framework in Frameworks */,
			);
			runOnlyForDeploymentPostprocessing = 0;
		};
/* End PBXFrameworksBuildPhase section */

/* Begin PBXGroup section */
		CD8B9A191BC4B24700F98B51 = {
			isa = PBXGroup;
			children = (
				CD9EAB211BD600C100DB355F /* MapKit.framework */,
				CD9EAB1F1BD6008800DB355F /* CoreLocation.framework */,
				CD8B9A241BC4B24700F98B51 /* ActiveBeanFitnessIos */,
				CD8B9A3B1BC4B24700F98B51 /* ActiveBeanFitnessIosTests */,
				CD8B9A461BC4B24700F98B51 /* ActiveBeanFitnessIosUITests */,
				CD8B9A231BC4B24700F98B51 /* Products */,
			);
			sourceTree = "<group>";
		};
		CD8B9A231BC4B24700F98B51 /* Products */ = {
			isa = PBXGroup;
			children = (
				CD8B9A221BC4B24700F98B51 /* ActiveBeanFitnessIos.app */,
				CD8B9A381BC4B24700F98B51 /* ActiveBeanFitnessIosTests.xctest */,
				CD8B9A431BC4B24700F98B51 /* ActiveBeanFitnessIosUITests.xctest */,
			);
			name = Products;
			sourceTree = "<group>";
		};
		CD8B9A241BC4B24700F98B51 /* ActiveBeanFitnessIos */ = {
			isa = PBXGroup;
			children = (
				CD8B9A251BC4B24700F98B51 /* AppDelegate.swift */,
				CD8B9A271BC4B24700F98B51 /* RunningController.swift */,
				CD8B9A291BC4B24700F98B51 /* BikingController.swift */,
				CD9EAB1B1BD5E5F600DB355F /* HikingController.swift */,
				CD9EAB1D1BD5E66300DB355F /* MyActiveBeanFitnessController.swift */,
				CD8B9A2B1BC4B24700F98B51 /* Main.storyboard */,
				CD8B9A2E1BC4B24700F98B51 /* Assets.xcassets */,
				CD8B9A301BC4B24700F98B51 /* LaunchScreen.storyboard */,
				CD8B9A331BC4B24700F98B51 /* Info.plist */,
			);
			path = ActiveBeanFitnessIos;
			sourceTree = "<group>";
		};
		CD8B9A3B1BC4B24700F98B51 /* ActiveBeanFitnessIosTests */ = {
			isa = PBXGroup;
			children = (
				CD8B9A3C1BC4B24700F98B51 /* ActiveBeanFitnessIosTests.swift */,
				CD8B9A3E1BC4B24700F98B51 /* Info.plist */,
			);
			path = ActiveBeanFitnessIosTests;
			sourceTree = "<group>";
		};
		CD8B9A461BC4B24700F98B51 /* ActiveBeanFitnessIosUITests */ = {
			isa = PBXGroup;
			children = (
				CD8B9A471BC4B24700F98B51 /* ActiveBeanFitnessIosUITests.swift */,
				CD8B9A491BC4B24700F98B51 /* Info.plist */,
			);
			path = ActiveBeanFitnessIosUITests;
			sourceTree = "<group>";
		};
/* End PBXGroup section */

/* Begin PBXNativeTarget section */
		CD8B9A211BC4B24700F98B51 /* ActiveBeanFitnessIos */ = {
			isa = PBXNativeTarget;
			buildConfigurationList = CD8B9A4C1BC4B24700F98B51 /* Build configuration list for PBXNativeTarget "ActiveBeanFitnessIos" */;
			buildPhases = (
				CD8B9A1E1BC4B24700F98B51 /* Sources */,
				CD8B9A1F1BC4B24700F98B51 /* Frameworks */,
				CD8B9A201BC4B24700F98B51 /* Resources */,
			);
			buildRules = (
			);
			dependencies = (
			);
			name = ActiveBeanFitnessIos;
			productName = ActiveBeanFitnessIos;
			productReference = CD8B9A221BC4B24700F98B51 /* ActiveBeanFitnessIos.app */;
			productType = "com.apple.product-type.application";
		};
		CD8B9A371BC4B24700F98B51 /* ActiveBeanFitnessIosTests */ = {
			isa = PBXNativeTarget;
			buildConfigurationList = CD8B9A4F1BC4B24700F98B51 /* Build configuration list for PBXNativeTarget "ActiveBeanFitnessIosTests" */;
			buildPhases = (
				CD8B9A341BC4B24700F98B51 /* Sources */,
				CD8B9A351BC4B24700F98B51 /* Frameworks */,
				CD8B9A361BC4B24700F98B51 /* Resources */,
			);
			buildRules = (
			);
			dependencies = (
				CD8B9A3A1BC4B24700F98B51 /* PBXTargetDependency */,
			);
			name = ActiveBeanFitnessIosTests;
			productName = ActiveBeanFitnessIosTests;
			productReference = CD8B9A381BC4B24700F98B51 /* ActiveBeanFitnessIosTests.xctest */;
			productType = "com.apple.product-type.bundle.unit-test";
		};
		CD8B9A421BC4B24700F98B51 /* ActiveBeanFitnessIosUITests */ = {
			isa = PBXNativeTarget;
			buildConfigurationList = CD8B9A521BC4B24700F98B51 /* Build configuration list for PBXNativeTarget "ActiveBeanFitnessIosUITests" */;
			buildPhases = (
				CD8B9A3F1BC4B24700F98B51 /* Sources */,
				CD8B9A401BC4B24700F98B51 /* Frameworks */,
				CD8B9A411BC4B24700F98B51 /* Resources */,
			);
			buildRules = (
			);
			dependencies = (
				CD8B9A451BC4B24700F98B51 /* PBXTargetDependency */,
			);
			name = ActiveBeanFitnessIosUITests;
			productName = ActiveBeanFitnessIosUITests;
			productReference = CD8B9A431BC4B24700F98B51 /* ActiveBeanFitnessIosUITests.xctest */;
			productType = "com.apple.product-type.bundle.ui-testing";
		};
/* End PBXNativeTarget section */

/* Begin PBXProject section */
		CD8B9A1A1BC4B24700F98B51 /* Project object */ = {
			isa = PBXProject;
			attributes = {
				LastUpgradeCheck = 0700;
				ORGANIZATIONNAME = activebeancoders;
				TargetAttributes = {
					CD8B9A211BC4B24700F98B51 = {
						CreatedOnToolsVersion = 7.0.1;
					};
					CD8B9A371BC4B24700F98B51 = {
						CreatedOnToolsVersion = 7.0.1;
						TestTargetID = CD8B9A211BC4B24700F98B51;
					};
					CD8B9A421BC4B24700F98B51 = {
						CreatedOnToolsVersion = 7.0.1;
						TestTargetID = CD8B9A211BC4B24700F98B51;
					};
				};
			};
			buildConfigurationList = CD8B9A1D1BC4B24700F98B51 /* Build configuration list for PBXProject "ActiveBeanFitnessIos" */;
			compatibilityVersion = "Xcode 3.2";
			developmentRegion = English;
			hasScannedForEncodings = 0;
			knownRegions = (
				en,
				Base,
			);
			mainGroup = CD8B9A191BC4B24700F98B51;
			productRefGroup = CD8B9A231BC4B24700F98B51 /* Products */;
			projectDirPath = "";
			projectRoot = "";
			targets = (
				CD8B9A211BC4B24700F98B51 /* ActiveBeanFitnessIos */,
				CD8B9A371BC4B24700F98B51 /* ActiveBeanFitnessIosTests */,
				CD8B9A421BC4B24700F98B51 /* ActiveBeanFitnessIosUITests */,
			);
		};
/* End PBXProject section */

/* Begin PBXResourcesBuildPhase section */
		CD8B9A201BC4B24700F98B51 /* Resources */ = {
			isa = PBXResourcesBuildPhase;
			buildActionMask = 2147483647;
			files = (
				CD8B9A321BC4B24700F98B51 /* LaunchScreen.storyboard in Resources */,
				CD8B9A2F1BC4B24700F98B51 /* Assets.xcassets in Resources */,
				CD8B9A2D1BC4B24700F98B51 /* Main.storyboard in Resources */,
			);
			runOnlyForDeploymentPostprocessing = 0;
		};
		CD8B9A361BC4B24700F98B51 /* Resources */ = {
			isa = PBXResourcesBuildPhase;
			buildActionMask = 2147483647;
			files = (
			);
			runOnlyForDeploymentPostprocessing = 0;
		};
		CD8B9A411BC4B24700F98B51 /* Resources */ = {
			isa = PBXResourcesBuildPhase;
			buildActionMask = 2147483647;
			files = (
			);
			runOnlyForDeploymentPostprocessing = 0;
		};
/* End PBXResourcesBuildPhase section */

/* Begin PBXSourcesBuildPhase section */
		CD8B9A1E1BC4B24700F98B51 /* Sources */ = {
			isa = PBXSourcesBuildPhase;
			buildActionMask = 2147483647;
			files = (
				CD8B9A2A1BC4B24700F98B51 /* BikingController.swift in Sources */,
				CD9EAB1E1BD5E66300DB355F /* MyActiveBeanFitnessController.swift in Sources */,
				CD8B9A261BC4B24700F98B51 /* AppDelegate.swift in Sources */,
				CD8B9A281BC4B24700F98B51 /* RunningController.swift in Sources */,
				CD9EAB1C1BD5E5F600DB355F /* HikingController.swift in Sources */,
			);
			runOnlyForDeploymentPostprocessing = 0;
		};
		CD8B9A341BC4B24700F98B51 /* Sources */ = {
			isa = PBXSourcesBuildPhase;
			buildActionMask = 2147483647;
			files = (
				CD8B9A3D1BC4B24700F98B51 /* ActiveBeanFitnessIosTests.swift in Sources */,
			);
			runOnlyForDeploymentPostprocessing = 0;
		};
		CD8B9A3F1BC4B24700F98B51 /* Sources */ = {
			isa = PBXSourcesBuildPhase;
			buildActionMask = 2147483647;
			files = (
				CD8B9A481BC4B24700F98B51 /* ActiveBeanFitnessIosUITests.swift in Sources */,
			);
			runOnlyForDeploymentPostprocessing = 0;
		};
/* End PBXSourcesBuildPhase section */

/* Begin PBXTargetDependency section */
		CD8B9A3A1BC4B24700F98B51 /* PBXTargetDependency */ = {
			isa = PBXTargetDependency;
			target = CD8B9A211BC4B24700F98B51 /* ActiveBeanFitnessIos */;
			targetProxy = CD8B9A391BC4B24700F98B51 /* PBXContainerItemProxy */;
		};
		CD8B9A451BC4B24700F98B51 /* PBXTargetDependency */ = {
			isa = PBXTargetDependency;
			target = CD8B9A211BC4B24700F98B51 /* ActiveBeanFitnessIos */;
			targetProxy = CD8B9A441BC4B24700F98B51 /* PBXContainerItemProxy */;
		};
/* End PBXTargetDependency section */

/* Begin PBXVariantGroup section */
		CD8B9A2B1BC4B24700F98B51 /* Main.storyboard */ = {
			isa = PBXVariantGroup;
			children = (
				CD8B9A2C1BC4B24700F98B51 /* Base */,
			);
			name = Main.storyboard;
			sourceTree = "<group>";
		};
		CD8B9A301BC4B24700F98B51 /* LaunchScreen.storyboard */ = {
			isa = PBXVariantGroup;
			children = (
				CD8B9A311BC4B24700F98B51 /* Base */,
			);
			name = LaunchScreen.storyboard;
			sourceTree = "<group>";
		};
/* End PBXVariantGroup section */

/* Begin XCBuildConfiguration section */
		CD8B9A4A1BC4B24700F98B51 /* Debug */ = {
			isa = XCBuildConfiguration;
			buildSettings = {
				ALWAYS_SEARCH_USER_PATHS = NO;
				CLANG_CXX_LANGUAGE_STANDARD = "gnu++0x";
				CLANG_CXX_LIBRARY = "libc++";
				CLANG_ENABLE_MODULES = YES;
				CLANG_ENABLE_OBJC_ARC = YES;
				CLANG_WARN_BOOL_CONVERSION = YES;
				CLANG_WARN_CONSTANT_CONVERSION = YES;
				CLANG_WARN_DIRECT_OBJC_ISA_USAGE = YES_ERROR;
				CLANG_WARN_EMPTY_BODY = YES;
				CLANG_WARN_ENUM_CONVERSION = YES;
				CLANG_WARN_INT_CONVERSION = YES;
				CLANG_WARN_OBJC_ROOT_CLASS = YES_ERROR;
				CLANG_WARN_UNREACHABLE_CODE = YES;
				CLANG_WARN__DUPLICATE_METHOD_MATCH = YES;
				"CODE_SIGN_IDENTITY[sdk=iphoneos*]" = "iPhone Developer";
				COPY_PHASE_STRIP = NO;
				DEBUG_INFORMATION_FORMAT = dwarf;
				ENABLE_STRICT_OBJC_MSGSEND = YES;
				ENABLE_TESTABILITY = YES;
				GCC_C_LANGUAGE_STANDARD = gnu99;
				GCC_DYNAMIC_NO_PIC = NO;
				GCC_NO_COMMON_BLOCKS = YES;
				GCC_OPTIMIZATION_LEVEL = 0;
				GCC_PREPROCESSOR_DEFINITIONS = (
					"DEBUG=1",
					"$(inherited)",
				);
				GCC_WARN_64_TO_32_BIT_CONVERSION = YES;
				GCC_WARN_ABOUT_RETURN_TYPE = YES_ERROR;
				GCC_WARN_UNDECLARED_SELECTOR = YES;
				GCC_WARN_UNINITIALIZED_AUTOS = YES_AGGRESSIVE;
				GCC_WARN_UNUSED_FUNCTION = YES;
				GCC_WARN_UNUSED_VARIABLE = YES;
				IPHONEOS_DEPLOYMENT_TARGET = 9.0;
				MTL_ENABLE_DEBUG_INFO = YES;
				ONLY_ACTIVE_ARCH = YES;
				SDKROOT = iphoneos;
				SWIFT_OPTIMIZATION_LEVEL = "-Onone";
			};
			name = Debug;
		};
		CD8B9A4B1BC4B24700F98B51 /* Release */ = {
			isa = XCBuildConfiguration;
			buildSettings = {
				ALWAYS_SEARCH_USER_PATHS = NO;
				CLANG_CXX_LANGUAGE_STANDARD = "gnu++0x";
				CLANG_CXX_LIBRARY = "libc++";
				CLANG_ENABLE_MODULES = YES;
				CLANG_ENABLE_OBJC_ARC = YES;
				CLANG_WARN_BOOL_CONVERSION = YES;
				CLANG_WARN_CONSTANT_CONVERSION = YES;
				CLANG_WARN_DIRECT_OBJC_ISA_USAGE = YES_ERROR;
				CLANG_WARN_EMPTY_BODY = YES;
				CLANG_WARN_ENUM_CONVERSION = YES;
				CLANG_WARN_INT_CONVERSION = YES;
				CLANG_WARN_OBJC_ROOT_CLASS = YES_ERROR;
				CLANG_WARN_UNREACHABLE_CODE = YES;
				CLANG_WARN__DUPLICATE_METHOD_MATCH = YES;
				"CODE_SIGN_IDENTITY[sdk=iphoneos*]" = "iPhone Developer";
				COPY_PHASE_STRIP = NO;
				DEBUG_INFORMATION_FORMAT = "dwarf-with-dsym";
				ENABLE_NS_ASSERTIONS = NO;
				ENABLE_STRICT_OBJC_MSGSEND = YES;
				GCC_C_LANGUAGE_STANDARD = gnu99;
				GCC_NO_COMMON_BLOCKS = YES;
				GCC_WARN_64_TO_32_BIT_CONVERSION = YES;
				GCC_WARN_ABOUT_RETURN_TYPE = YES_ERROR;
				GCC_WARN_UNDECLARED_SELECTOR = YES;
				GCC_WARN_UNINITIALIZED_AUTOS = YES_AGGRESSIVE;
				GCC_WARN_UNUSED_FUNCTION = YES;
				GCC_WARN_UNUSED_VARIABLE = YES;
				IPHONEOS_DEPLOYMENT_TARGET = 9.0;
				MTL_ENABLE_DEBUG_INFO = NO;
				SDKROOT = iphoneos;
				VALIDATE_PRODUCT = YES;
			};
			name = Release;
		};
		CD8B9A4D1BC4B24700F98B51 /* Debug */ = {
			isa = XCBuildConfiguration;
			buildSettings = {
				ASSETCATALOG_COMPILER_APPICON_NAME = AppIcon;
				INFOPLIST_FILE = ActiveBeanFitnessIos/Info.plist;
				LD_RUNPATH_SEARCH_PATHS = "$(inherited) @executable_path/Frameworks";
				PRODUCT_BUNDLE_IDENTIFIER = com.activebeancoders.ActiveBeanFitnessIos;
				PRODUCT_NAME = "$(TARGET_NAME)";
			};
			name = Debug;
		};
		CD8B9A4E1BC4B24700F98B51 /* Release */ = {
			isa = XCBuildConfiguration;
			buildSettings = {
				ASSETCATALOG_COMPILER_APPICON_NAME = AppIcon;
				INFOPLIST_FILE = ActiveBeanFitnessIos/Info.plist;
				LD_RUNPATH_SEARCH_PATHS = "$(inherited) @executable_path/Frameworks";
				PRODUCT_BUNDLE_IDENTIFIER = com.activebeancoders.ActiveBeanFitnessIos;
				PRODUCT_NAME = "$(TARGET_NAME)";
			};
			name = Release;
		};
		CD8B9A501BC4B24700F98B51 /* Debug */ = {
			isa = XCBuildConfiguration;
			buildSettings = {
				BUNDLE_LOADER = "$(TEST_HOST)";
				INFOPLIST_FILE = ActiveBeanFitnessIosTests/Info.plist;
				LD_RUNPATH_SEARCH_PATHS = "$(inherited) @executable_path/Frameworks @loader_path/Frameworks";
				PRODUCT_BUNDLE_IDENTIFIER = com.activebeancoders.ActiveBeanFitnessIosTests;
				PRODUCT_NAME = "$(TARGET_NAME)";
				TEST_HOST = "$(BUILT_PRODUCTS_DIR)/ActiveBeanFitnessIos.app/ActiveBeanFitnessIos";
			};
			name = Debug;
		};
		CD8B9A511BC4B24700F98B51 /* Release */ = {
			isa = XCBuildConfiguration;
			buildSettings = {
				BUNDLE_LOADER = "$(TEST_HOST)";
				INFOPLIST_FILE = ActiveBeanFitnessIosTests/Info.plist;
				LD_RUNPATH_SEARCH_PATHS = "$(inherited) @executable_path/Frameworks @loader_path/Frameworks";
				PRODUCT_BUNDLE_IDENTIFIER = com.activebeancoders.ActiveBeanFitnessIosTests;
				PRODUCT_NAME = "$(TARGET_NAME)";
				TEST_HOST = "$(BUILT_PRODUCTS_DIR)/ActiveBeanFitnessIos.app/ActiveBeanFitnessIos";
			};
			name = Release;
		};
		CD8B9A531BC4B24700F98B51 /* Debug */ = {
			isa = XCBuildConfiguration;
			buildSettings = {
				INFOPLIST_FILE = ActiveBeanFitnessIosUITests/Info.plist;
				LD_RUNPATH_SEARCH_PATHS = "$(inherited) @executable_path/Frameworks @loader_path/Frameworks";
				PRODUCT_BUNDLE_IDENTIFIER = com.activebeancoders.ActiveBeanFitnessIosUITests;
				PRODUCT_NAME = "$(TARGET_NAME)";
				TEST_TARGET_NAME = ActiveBeanFitnessIos;
				USES_XCTRUNNER = YES;
			};
			name = Debug;
		};
		CD8B9A541BC4B24700F98B51 /* Release */ = {
			isa = XCBuildConfiguration;
			buildSettings = {
				INFOPLIST_FILE = ActiveBeanFitnessIosUITests/Info.plist;
				LD_RUNPATH_SEARCH_PATHS = "$(inherited) @executable_path/Frameworks @loader_path/Frameworks";
				PRODUCT_BUNDLE_IDENTIFIER = com.activebeancoders.ActiveBeanFitnessIosUITests;
				PRODUCT_NAME = "$(TARGET_NAME)";
				TEST_TARGET_NAME = ActiveBeanFitnessIos;
				USES_XCTRUNNER = YES;
			};
			name = Release;
		};
/* End XCBuildConfiguration section */

/* Begin XCConfigurationList section */
		CD8B9A1D1BC4B24700F98B51 /* Build configuration list for PBXProject "ActiveBeanFitnessIos" */ = {
			isa = XCConfigurationList;
			buildConfigurations = (
				CD8B9A4A1BC4B24700F98B51 /* Debug */,
				CD8B9A4B1BC4B24700F98B51 /* Release */,
			);
			defaultConfigurationIsVisible = 0;
			defaultConfigurationName = Release;
		};
		CD8B9A4C1BC4B24700F98B51 /* Build configuration list for PBXNativeTarget "ActiveBeanFitnessIos" */ = {
			isa = XCConfigurationList;
			buildConfigurations = (
				CD8B9A4D1BC4B24700F98B51 /* Debug */,
				CD8B9A4E1BC4B24700F98B51 /* Release */,
			);
			defaultConfigurationIsVisible = 0;
			defaultConfigurationName = Release;
		};
		CD8B9A4F1BC4B24700F98B51 /* Build configuration list for PBXNativeTarget "ActiveBeanFitnessIosTests" */ = {
			isa = XCConfigurationList;
			buildConfigurations = (
				CD8B9A501BC4B24700F98B51 /* Debug */,
				CD8B9A511BC4B24700F98B51 /* Release */,
			);
			defaultConfigurationIsVisible = 0;
			defaultConfigurationName = Release;
		};
		CD8B9A521BC4B24700F98B51 /* Build configuration list for PBXNativeTarget "ActiveBeanFitnessIosUITests" */ = {
			isa = XCConfigurationList;
			buildConfigurations = (
				CD8B9A531BC4B24700F98B51 /* Debug */,
				CD8B9A541BC4B24700F98B51 /* Release */,
			);
			defaultConfigurationIsVisible = 0;
			defaultConfigurationName = Release;
		};
/* End XCConfigurationList section */
	};
	rootObject = CD8B9A1A1BC4B24700F98B51 /* Project object */;
}
